PODS:
  - SQLite.swift (0.10.1):
    - SQLite.swift/standard (= 0.10.1)
  - SQLite.swift/standard (0.10.1)

DEPENDENCIES:
  - SQLite.swift (from `https://github.com/stephencelis/SQLite.swift.git`)

EXTERNAL SOURCES:
  SQLite.swift:
    :git: https://github.com/stephencelis/SQLite.swift.git

CHECKOUT OPTIONS:
  SQLite.swift:
    :commit: 38d9b8508f77b51f7fe0bed9f360248bd32f4baf
    :git: https://github.com/stephencelis/SQLite.swift.git

SPEC CHECKSUMS:
  SQLite.swift: c54b2cb32c2ec77cd52bc7442d05dd51b0623861

PODFILE CHECKSUM: 32ba6c7a5999fa735b048eeaa26cc35efc048dba

COCOAPODS: 1.0.1
