// !$*UTF8*$!
{
	archiveVersion = 1;
	classes = {
	};
	objectVersion = 46;
	objects = {

/* Begin PBXBuildFile section */
		1B17C1C71DA34A9600FF83D0 /* EditEmployeeTableViewController.swift in Sources */ = {isa = PBXBuildFile; fileRef = 1B17C1C61DA34A9600FF83D0 /* EditEmployeeTableViewController.swift */; };
		1B17C1C91DA34DBF00FF83D0 /* EditEmployeeTableViewCell.swift in Sources */ = {isa = PBXBuildFile; fileRef = 1B17C1C81DA34DBF00FF83D0 /* EditEmployeeTableViewCell.swift */; };
		1B3815FF1DA0F94E004D706C /* AppDelegate.swift in Sources */ = {isa = PBXBuildFile; fileRef = 1B3815FE1DA0F94E004D706C /* AppDelegate.swift */; };
		1B3816041DA0F94E004D706C /* Main.storyboard in Resources */ = {isa = PBXBuildFile; fileRef = 1B3816021DA0F94E004D706C /* Main.storyboard */; };
		1B3816091DA0F94E004D706C /* Assets.xcassets in Resources */ = {isa = PBXBuildFile; fileRef = 1B3816081DA0F94E004D706C /* Assets.xcassets */; };
		1B38160C1DA0F94E004D706C /* LaunchScreen.storyboard in Resources */ = {isa = PBXBuildFile; fileRef = 1B38160A1DA0F94E004D706C /* LaunchScreen.storyboard */; };
		1B3816141DA0F9E9004D706C /* EmployeeCollectionViewController.swift in Sources */ = {isa = PBXBuildFile; fileRef = 1B3816131DA0F9E9004D706C /* EmployeeCollectionViewController.swift */; };
		1B3816161DA0FA8C004D706C /* EmployeeCollectionViewCell.swift in Sources */ = {isa = PBXBuildFile; fileRef = 1B3816151DA0FA8C004D706C /* EmployeeCollectionViewCell.swift */; };
		1B3816181DA0FDBD004D706C /* Employee.swift in Sources */ = {isa = PBXBuildFile; fileRef = 1B3816171DA0FDBD004D706C /* Employee.swift */; };
		1B38161A1DA11471004D706C /* AddEmployeeTableViewController.swift in Sources */ = {isa = PBXBuildFile; fileRef = 1B3816191DA11471004D706C /* AddEmployeeTableViewController.swift */; };
		1B38161C1DA13762004D706C /* Tools.swift in Sources */ = {isa = PBXBuildFile; fileRef = 1B38161B1DA13762004D706C /* Tools.swift */; };
		1BE84BEA1DA3710F00DA4221 /* EmployeeDetailViewController.swift in Sources */ = {isa = PBXBuildFile; fileRef = 1BE84BE91DA3710F00DA4221 /* EmployeeDetailViewController.swift */; };
		3AF8554518C88EC05A51DA19 /* Pods_RedShirt.framework in Frameworks */ = {isa = PBXBuildFile; fileRef = FDA8AC90C39D37D55CF4D2FE /* Pods_RedShirt.framework */; };
/* End PBXBuildFile section */

/* Begin PBXFileReference section */
		0CEDCF882278467942B2932D /* Pods-RedShirt.release.xcconfig */ = {isa = PBXFileReference; includeInIndex = 1; lastKnownFileType = text.xcconfig; name = "Pods-RedShirt.release.xcconfig"; path = "Pods/Target Support Files/Pods-RedShirt/Pods-RedShirt.release.xcconfig"; sourceTree = "<group>"; };
		1B17C1C61DA34A9600FF83D0 /* EditEmployeeTableViewController.swift */ = {isa = PBXFileReference; fileEncoding = 4; lastKnownFileType = sourcecode.swift; path = EditEmployeeTableViewController.swift; sourceTree = "<group>"; };
		1B17C1C81DA34DBF00FF83D0 /* EditEmployeeTableViewCell.swift */ = {isa = PBXFileReference; fileEncoding = 4; lastKnownFileType = sourcecode.swift; path = EditEmployeeTableViewCell.swift; sourceTree = "<group>"; };
		1B3815FB1DA0F94E004D706C /* RedShirt.app */ = {isa = PBXFileReference; explicitFileType = wrapper.application; includeInIndex = 0; path = RedShirt.app; sourceTree = BUILT_PRODUCTS_DIR; };
		1B3815FE1DA0F94E004D706C /* AppDelegate.swift */ = {isa = PBXFileReference; lastKnownFileType = sourcecode.swift; path = AppDelegate.swift; sourceTree = "<group>"; };
		1B3816031DA0F94E004D706C /* Base */ = {isa = PBXFileReference; lastKnownFileType = file.storyboard; name = Base; path = Base.lproj/Main.storyboard; sourceTree = "<group>"; };
		1B3816081DA0F94E004D706C /* Assets.xcassets */ = {isa = PBXFileReference; lastKnownFileType = folder.assetcatalog; path = Assets.xcassets; sourceTree = "<group>"; };
		1B38160B1DA0F94E004D706C /* Base */ = {isa = PBXFileReference; lastKnownFileType = file.storyboard; name = Base; path = Base.lproj/LaunchScreen.storyboard; sourceTree = "<group>"; };
		1B38160D1DA0F94E004D706C /* Info.plist */ = {isa = PBXFileReference; lastKnownFileType = text.plist.xml; path = Info.plist; sourceTree = "<group>"; };
		1B3816131DA0F9E9004D706C /* EmployeeCollectionViewController.swift */ = {isa = PBXFileReference; fileEncoding = 4; lastKnownFileType = sourcecode.swift; path = EmployeeCollectionViewController.swift; sourceTree = "<group>"; };
		1B3816151DA0FA8C004D706C /* EmployeeCollectionViewCell.swift */ = {isa = PBXFileReference; fileEncoding = 4; lastKnownFileType = sourcecode.swift; path = EmployeeCollectionViewCell.swift; sourceTree = "<group>"; };
		1B3816171DA0FDBD004D706C /* Employee.swift */ = {isa = PBXFileReference; fileEncoding = 4; lastKnownFileType = sourcecode.swift; path = Employee.swift; sourceTree = "<group>"; };
		1B3816191DA11471004D706C /* AddEmployeeTableViewController.swift */ = {isa = PBXFileReference; fileEncoding = 4; lastKnownFileType = sourcecode.swift; path = AddEmployeeTableViewController.swift; sourceTree = "<group>"; };
		1B38161B1DA13762004D706C /* Tools.swift */ = {isa = PBXFileReference; fileEncoding = 4; lastKnownFileType = sourcecode.swift; path = Tools.swift; sourceTree = "<group>"; };
		1BE84BE91DA3710F00DA4221 /* EmployeeDetailViewController.swift */ = {isa = PBXFileReference; fileEncoding = 4; lastKnownFileType = sourcecode.swift; path = EmployeeDetailViewController.swift; sourceTree = "<group>"; };
		2FF20F43B12994C7F4326377 /* Pods-RedShirt.debug.xcconfig */ = {isa = PBXFileReference; includeInIndex = 1; lastKnownFileType = text.xcconfig; name = "Pods-RedShirt.debug.xcconfig"; path = "Pods/Target Support Files/Pods-RedShirt/Pods-RedShirt.debug.xcconfig"; sourceTree = "<group>"; };
		FDA8AC90C39D37D55CF4D2FE /* Pods_RedShirt.framework */ = {isa = PBXFileReference; explicitFileType = wrapper.framework; includeInIndex = 0; path = Pods_RedShirt.framework; sourceTree = BUILT_PRODUCTS_DIR; };
/* End PBXFileReference section */

/* Begin PBXFrameworksBuildPhase section */
		1B3815F81DA0F94D004D706C /* Frameworks */ = {
			isa = PBXFrameworksBuildPhase;
			buildActionMask = 2147483647;
			files = (
				3AF8554518C88EC05A51DA19 /* Pods_RedShirt.framework in Frameworks */,
			);
			runOnlyForDeploymentPostprocessing = 0;
		};
/* End PBXFrameworksBuildPhase section */

/* Begin PBXGroup section */
		1B3815F21DA0F94D004D706C = {
			isa = PBXGroup;
			children = (
				1B3815FD1DA0F94E004D706C /* RedShirt */,
				1B3815FC1DA0F94E004D706C /* Products */,
				EF8A7B94058DEA8379D08552 /* Pods */,
				3E2F9F4DEC5EF39017A90482 /* Frameworks */,
			);
			sourceTree = "<group>";
		};
		1B3815FC1DA0F94E004D706C /* Products */ = {
			isa = PBXGroup;
			children = (
				1B3815FB1DA0F94E004D706C /* RedShirt.app */,
			);
			name = Products;
			sourceTree = "<group>";
		};
		1B3815FD1DA0F94E004D706C /* RedShirt */ = {
			isa = PBXGroup;
			children = (
				1B3815FE1DA0F94E004D706C /* AppDelegate.swift */,
				1B3816021DA0F94E004D706C /* Main.storyboard */,
				1B3816081DA0F94E004D706C /* Assets.xcassets */,
				1B38160A1DA0F94E004D706C /* LaunchScreen.storyboard */,
				1B38160D1DA0F94E004D706C /* Info.plist */,
				1B3816131DA0F9E9004D706C /* EmployeeCollectionViewController.swift */,
				1B3816151DA0FA8C004D706C /* EmployeeCollectionViewCell.swift */,
				1B3816171DA0FDBD004D706C /* Employee.swift */,
				1B3816191DA11471004D706C /* AddEmployeeTableViewController.swift */,
				1B38161B1DA13762004D706C /* Tools.swift */,
				1B17C1C61DA34A9600FF83D0 /* EditEmployeeTableViewController.swift */,
				1B17C1C81DA34DBF00FF83D0 /* EditEmployeeTableViewCell.swift */,
				1BE84BE91DA3710F00DA4221 /* EmployeeDetailViewController.swift */,
			);
			path = RedShirt;
			sourceTree = "<group>";
		};
		3E2F9F4DEC5EF39017A90482 /* Frameworks */ = {
			isa = PBXGroup;
			children = (
				FDA8AC90C39D37D55CF4D2FE /* Pods_RedShirt.framework */,
			);
			name = Frameworks;
			sourceTree = "<group>";
		};
		EF8A7B94058DEA8379D08552 /* Pods */ = {
			isa = PBXGroup;
			children = (
				2FF20F43B12994C7F4326377 /* Pods-RedShirt.debug.xcconfig */,
				0CEDCF882278467942B2932D /* Pods-RedShirt.release.xcconfig */,
			);
			name = Pods;
			sourceTree = "<group>";
		};
/* End PBXGroup section */

/* Begin PBXNativeTarget section */
		1B3815FA1DA0F94D004D706C /* RedShirt */ = {
			isa = PBXNativeTarget;
			buildConfigurationList = 1B3816101DA0F94E004D706C /* Build configuration list for PBXNativeTarget "RedShirt" */;
			buildPhases = (
				835C24833AB324DCB2B7948B /* [CP] Check Pods Manifest.lock */,
				1B3815F71DA0F94D004D706C /* Sources */,
				1B3815F81DA0F94D004D706C /* Frameworks */,
				1B3815F91DA0F94D004D706C /* Resources */,
				447E11C9E05D78759D3312EB /* [CP] Embed Pods Frameworks */,
				1408CB0EA97BC0A98F38694A /* [CP] Copy Pods Resources */,
			);
			buildRules = (
			);
			dependencies = (
			);
			name = RedShirt;
			productName = RedShirt;
			productReference = 1B3815FB1DA0F94E004D706C /* RedShirt.app */;
			productType = "com.apple.product-type.application";
		};
/* End PBXNativeTarget section */

/* Begin PBXProject section */
		1B3815F31DA0F94D004D706C /* Project object */ = {
			isa = PBXProject;
			attributes = {
				LastSwiftUpdateCheck = 0800;
				LastUpgradeCheck = 0800;
				ORGANIZATIONNAME = "史丹利复合田";
				TargetAttributes = {
					1B3815FA1DA0F94D004D706C = {
						CreatedOnToolsVersion = 8.0;
						DevelopmentTeam = 5TET7T7X2S;
						ProvisioningStyle = Automatic;
					};
				};
			};
			buildConfigurationList = 1B3815F61DA0F94D004D706C /* Build configuration list for PBXProject "RedShirt" */;
			compatibilityVersion = "Xcode 3.2";
			developmentRegion = English;
			hasScannedForEncodings = 0;
			knownRegions = (
				en,
				Base,
			);
			mainGroup = 1B3815F21DA0F94D004D706C;
			productRefGroup = 1B3815FC1DA0F94E004D706C /* Products */;
			projectDirPath = "";
			projectRoot = "";
			targets = (
				1B3815FA1DA0F94D004D706C /* RedShirt */,
			);
		};
/* End PBXProject section */

/* Begin PBXResourcesBuildPhase section */
		1B3815F91DA0F94D004D706C /* Resources */ = {
			isa = PBXResourcesBuildPhase;
			buildActionMask = 2147483647;
			files = (
				1B38160C1DA0F94E004D706C /* LaunchScreen.storyboard in Resources */,
				1B3816091DA0F94E004D706C /* Assets.xcassets in Resources */,
				1B3816041DA0F94E004D706C /* Main.storyboard in Resources */,
			);
			runOnlyForDeploymentPostprocessing = 0;
		};
/* End PBXResourcesBuildPhase section */

/* Begin PBXShellScriptBuildPhase section */
		1408CB0EA97BC0A98F38694A /* [CP] Copy Pods Resources */ = {
			isa = PBXShellScriptBuildPhase;
			buildActionMask = 2147483647;
			files = (
			);
			inputPaths = (
			);
			name = "[CP] Copy Pods Resources";
			outputPaths = (
			);
			runOnlyForDeploymentPostprocessing = 0;
			shellPath = /bin/sh;
			shellScript = "\"${SRCROOT}/Pods/Target Support Files/Pods-RedShirt/Pods-RedShirt-resources.sh\"\n";
			showEnvVarsInLog = 0;
		};
		447E11C9E05D78759D3312EB /* [CP] Embed Pods Frameworks */ = {
			isa = PBXShellScriptBuildPhase;
			buildActionMask = 2147483647;
			files = (
			);
			inputPaths = (
			);
			name = "[CP] Embed Pods Frameworks";
			outputPaths = (
			);
			runOnlyForDeploymentPostprocessing = 0;
			shellPath = /bin/sh;
			shellScript = "\"${SRCROOT}/Pods/Target Support Files/Pods-RedShirt/Pods-RedShirt-frameworks.sh\"\n";
			showEnvVarsInLog = 0;
		};
		835C24833AB324DCB2B7948B /* [CP] Check Pods Manifest.lock */ = {
			isa = PBXShellScriptBuildPhase;
			buildActionMask = 2147483647;
			files = (
			);
			inputPaths = (
			);
			name = "[CP] Check Pods Manifest.lock";
			outputPaths = (
			);
			runOnlyForDeploymentPostprocessing = 0;
			shellPath = /bin/sh;
			shellScript = "diff \"${PODS_ROOT}/../Podfile.lock\" \"${PODS_ROOT}/Manifest.lock\" > /dev/null\nif [[ $? != 0 ]] ; then\n    cat << EOM\nerror: The sandbox is not in sync with the Podfile.lock. Run 'pod install' or update your CocoaPods installation.\nEOM\n    exit 1\nfi\n";
			showEnvVarsInLog = 0;
		};
/* End PBXShellScriptBuildPhase section */

/* Begin PBXSourcesBuildPhase section */
		1B3815F71DA0F94D004D706C /* Sources */ = {
			isa = PBXSourcesBuildPhase;
			buildActionMask = 2147483647;
			files = (
				1B3816161DA0FA8C004D706C /* EmployeeCollectionViewCell.swift in Sources */,
				1B3815FF1DA0F94E004D706C /* AppDelegate.swift in Sources */,
				1B38161A1DA11471004D706C /* AddEmployeeTableViewController.swift in Sources */,
				1B38161C1DA13762004D706C /* Tools.swift in Sources */,
				1B17C1C71DA34A9600FF83D0 /* EditEmployeeTableViewController.swift in Sources */,
				1B3816181DA0FDBD004D706C /* Employee.swift in Sources */,
				1B17C1C91DA34DBF00FF83D0 /* EditEmployeeTableViewCell.swift in Sources */,
				1B3816141DA0F9E9004D706C /* EmployeeCollectionViewController.swift in Sources */,
				1BE84BEA1DA3710F00DA4221 /* EmployeeDetailViewController.swift in Sources */,
			);
			runOnlyForDeploymentPostprocessing = 0;
		};
/* End PBXSourcesBuildPhase section */

/* Begin PBXVariantGroup section */
		1B3816021DA0F94E004D706C /* Main.storyboard */ = {
			isa = PBXVariantGroup;
			children = (
				1B3816031DA0F94E004D706C /* Base */,
			);
			name = Main.storyboard;
			sourceTree = "<group>";
		};
		1B38160A1DA0F94E004D706C /* LaunchScreen.storyboard */ = {
			isa = PBXVariantGroup;
			children = (
				1B38160B1DA0F94E004D706C /* Base */,
			);
			name = LaunchScreen.storyboard;
			sourceTree = "<group>";
		};
/* End PBXVariantGroup section */

/* Begin XCBuildConfiguration section */
		1B38160E1DA0F94E004D706C /* Debug */ = {
			isa = XCBuildConfiguration;
			buildSettings = {
				ALWAYS_SEARCH_USER_PATHS = NO;
				CLANG_ANALYZER_NONNULL = YES;
				CLANG_CXX_LANGUAGE_STANDARD = "gnu++0x";
				CLANG_CXX_LIBRARY = "libc++";
				CLANG_ENABLE_MODULES = YES;
				CLANG_ENABLE_OBJC_ARC = YES;
				CLANG_WARN_BOOL_CONVERSION = YES;
				CLANG_WARN_CONSTANT_CONVERSION = YES;
				CLANG_WARN_DIRECT_OBJC_ISA_USAGE = YES_ERROR;
				CLANG_WARN_DOCUMENTATION_COMMENTS = YES;
				CLANG_WARN_EMPTY_BODY = YES;
				CLANG_WARN_ENUM_CONVERSION = YES;
				CLANG_WARN_INFINITE_RECURSION = YES;
				CLANG_WARN_INT_CONVERSION = YES;
				CLANG_WARN_OBJC_ROOT_CLASS = YES_ERROR;
				CLANG_WARN_SUSPICIOUS_MOVE = YES;
				CLANG_WARN_SUSPICIOUS_MOVES = YES;
				CLANG_WARN_UNREACHABLE_CODE = YES;
				CLANG_WARN__DUPLICATE_METHOD_MATCH = YES;
				"CODE_SIGN_IDENTITY[sdk=iphoneos*]" = "iPhone Developer";
				COPY_PHASE_STRIP = NO;
				DEBUG_INFORMATION_FORMAT = dwarf;
				ENABLE_STRICT_OBJC_MSGSEND = YES;
				ENABLE_TESTABILITY = YES;
				GCC_C_LANGUAGE_STANDARD = gnu99;
				GCC_DYNAMIC_NO_PIC = NO;
				GCC_NO_COMMON_BLOCKS = YES;
				GCC_OPTIMIZATION_LEVEL = 0;
				GCC_PREPROCESSOR_DEFINITIONS = (
					"DEBUG=1",
					"$(inherited)",
				);
				GCC_WARN_64_TO_32_BIT_CONVERSION = YES;
				GCC_WARN_ABOUT_RETURN_TYPE = YES_ERROR;
				GCC_WARN_UNDECLARED_SELECTOR = YES;
				GCC_WARN_UNINITIALIZED_AUTOS = YES_AGGRESSIVE;
				GCC_WARN_UNUSED_FUNCTION = YES;
				GCC_WARN_UNUSED_VARIABLE = YES;
				IPHONEOS_DEPLOYMENT_TARGET = 10.0;
				MTL_ENABLE_DEBUG_INFO = YES;
				ONLY_ACTIVE_ARCH = YES;
				SDKROOT = iphoneos;
				SWIFT_ACTIVE_COMPILATION_CONDITIONS = DEBUG;
				SWIFT_OPTIMIZATION_LEVEL = "-Onone";
				TARGETED_DEVICE_FAMILY = "1,2";
			};
			name = Debug;
		};
		1B38160F1DA0F94E004D706C /* Release */ = {
			isa = XCBuildConfiguration;
			buildSettings = {
				ALWAYS_SEARCH_USER_PATHS = NO;
				CLANG_ANALYZER_NONNULL = YES;
				CLANG_CXX_LANGUAGE_STANDARD = "gnu++0x";
				CLANG_CXX_LIBRARY = "libc++";
				CLANG_ENABLE_MODULES = YES;
				CLANG_ENABLE_OBJC_ARC = YES;
				CLANG_WARN_BOOL_CONVERSION = YES;
				CLANG_WARN_CONSTANT_CONVERSION = YES;
				CLANG_WARN_DIRECT_OBJC_ISA_USAGE = YES_ERROR;
				CLANG_WARN_DOCUMENTATION_COMMENTS = YES;
				CLANG_WARN_EMPTY_BODY = YES;
				CLANG_WARN_ENUM_CONVERSION = YES;
				CLANG_WARN_INFINITE_RECURSION = YES;
				CLANG_WARN_INT_CONVERSION = YES;
				CLANG_WARN_OBJC_ROOT_CLASS = YES_ERROR;
				CLANG_WARN_SUSPICIOUS_MOVE = YES;
				CLANG_WARN_SUSPICIOUS_MOVES = YES;
				CLANG_WARN_UNREACHABLE_CODE = YES;
				CLANG_WARN__DUPLICATE_METHOD_MATCH = YES;
				"CODE_SIGN_IDENTITY[sdk=iphoneos*]" = "iPhone Developer";
				COPY_PHASE_STRIP = NO;
				DEBUG_INFORMATION_FORMAT = "dwarf-with-dsym";
				ENABLE_NS_ASSERTIONS = NO;
				ENABLE_STRICT_OBJC_MSGSEND = YES;
				GCC_C_LANGUAGE_STANDARD = gnu99;
				GCC_NO_COMMON_BLOCKS = YES;
				GCC_WARN_64_TO_32_BIT_CONVERSION = YES;
				GCC_WARN_ABOUT_RETURN_TYPE = YES_ERROR;
				GCC_WARN_UNDECLARED_SELECTOR = YES;
				GCC_WARN_UNINITIALIZED_AUTOS = YES_AGGRESSIVE;
				GCC_WARN_UNUSED_FUNCTION = YES;
				GCC_WARN_UNUSED_VARIABLE = YES;
				IPHONEOS_DEPLOYMENT_TARGET = 10.0;
				MTL_ENABLE_DEBUG_INFO = NO;
				SDKROOT = iphoneos;
				SWIFT_OPTIMIZATION_LEVEL = "-Owholemodule";
				TARGETED_DEVICE_FAMILY = "1,2";
				VALIDATE_PRODUCT = YES;
			};
			name = Release;
		};
		1B3816111DA0F94E004D706C /* Debug */ = {
			isa = XCBuildConfiguration;
			baseConfigurationReference = 2FF20F43B12994C7F4326377 /* Pods-RedShirt.debug.xcconfig */;
			buildSettings = {
				ALWAYS_EMBED_SWIFT_STANDARD_LIBRARIES = YES;
				ASSETCATALOG_COMPILER_APPICON_NAME = AppIcon;
				DEVELOPMENT_TEAM = 5TET7T7X2S;
				INFOPLIST_FILE = RedShirt/Info.plist;
				IPHONEOS_DEPLOYMENT_TARGET = 9.3;
				LD_RUNPATH_SEARCH_PATHS = "$(inherited) @executable_path/Frameworks";
				PRODUCT_BUNDLE_IDENTIFIER = com.tmtvisioin.RedShirt;
				PRODUCT_NAME = "$(TARGET_NAME)";
				SWIFT_VERSION = 3.0;
			};
			name = Debug;
		};
		1B3816121DA0F94E004D706C /* Release */ = {
			isa = XCBuildConfiguration;
			baseConfigurationReference = 0CEDCF882278467942B2932D /* Pods-RedShirt.release.xcconfig */;
			buildSettings = {
				ALWAYS_EMBED_SWIFT_STANDARD_LIBRARIES = YES;
				ASSETCATALOG_COMPILER_APPICON_NAME = AppIcon;
				DEVELOPMENT_TEAM = 5TET7T7X2S;
				INFOPLIST_FILE = RedShirt/Info.plist;
				IPHONEOS_DEPLOYMENT_TARGET = 9.3;
				LD_RUNPATH_SEARCH_PATHS = "$(inherited) @executable_path/Frameworks";
				PRODUCT_BUNDLE_IDENTIFIER = com.tmtvisioin.RedShirt;
				PRODUCT_NAME = "$(TARGET_NAME)";
				SWIFT_VERSION = 3.0;
			};
			name = Release;
		};
/* End XCBuildConfiguration section */

/* Begin XCConfigurationList section */
		1B3815F61DA0F94D004D706C /* Build configuration list for PBXProject "RedShirt" */ = {
			isa = XCConfigurationList;
			buildConfigurations = (
				1B38160E1DA0F94E004D706C /* Debug */,
				1B38160F1DA0F94E004D706C /* Release */,
			);
			defaultConfigurationIsVisible = 0;
			defaultConfigurationName = Release;
		};
		1B3816101DA0F94E004D706C /* Build configuration list for PBXNativeTarget "RedShirt" */ = {
			isa = XCConfigurationList;
			buildConfigurations = (
				1B3816111DA0F94E004D706C /* Debug */,
				1B3816121DA0F94E004D706C /* Release */,
			);
			defaultConfigurationIsVisible = 0;
			defaultConfigurationName = Release;
		};
/* End XCConfigurationList section */
	};
	rootObject = 1B3815F31DA0F94D004D706C /* Project object */;
}
